// !$*UTF8*$!
{
	archiveVersion = 1;
	classes = {
	};
	objectVersion = 46;
	objects = {

/* Begin PBXBuildFile section */
		700C18F11F0DFDC400CA6F19 /* AppDelegate.swift in Sources */ = {isa = PBXBuildFile; fileRef = 700C18F01F0DFDC400CA6F19 /* AppDelegate.swift */; };
		700C18F31F0DFDC400CA6F19 /* ViewController.swift in Sources */ = {isa = PBXBuildFile; fileRef = 700C18F21F0DFDC400CA6F19 /* ViewController.swift */; };
		700C18F61F0DFDC400CA6F19 /* Main.storyboard in Resources */ = {isa = PBXBuildFile; fileRef = 700C18F41F0DFDC400CA6F19 /* Main.storyboard */; };
		700C18F81F0DFDC400CA6F19 /* Assets.xcassets in Resources */ = {isa = PBXBuildFile; fileRef = 700C18F71F0DFDC400CA6F19 /* Assets.xcassets */; };
		700C18FB1F0DFDC400CA6F19 /* LaunchScreen.storyboard in Resources */ = {isa = PBXBuildFile; fileRef = 700C18F91F0DFDC400CA6F19 /* LaunchScreen.storyboard */; };
/* End PBXBuildFile section */

/* Begin PBXFileReference section */
		700C18ED1F0DFDC400CA6F19 /* Dice.app */ = {isa = PBXFileReference; explicitFileType = wrapper.application; includeInIndex = 0; path = Dice.app; sourceTree = BUILT_PRODUCTS_DIR; };
		700C18F01F0DFDC400CA6F19 /* AppDelegate.swift */ = {isa = PBXFileReference; lastKnownFileType = sourcecode.swift; path = AppDelegate.swift; sourceTree = "<group>"; };
		700C18F21F0DFDC400CA6F19 /* ViewController.swift */ = {isa = PBXFileReference; lastKnownFileType = sourcecode.swift; path = ViewController.swift; sourceTree = "<group>"; };
		700C18F51F0DFDC400CA6F19 /* Base */ = {isa = PBXFileReference; lastKnownFileType = file.storyboard; name = Base; path = Base.lproj/Main.storyboard; sourceTree = "<group>"; };
		700C18F71F0DFDC400CA6F19 /* Assets.xcassets */ = {isa = PBXFileReference; lastKnownFileType = folder.assetcatalog; path = Assets.xcassets; sourceTree = "<group>"; };
		700C18FA1F0DFDC400CA6F19 /* Base */ = {isa = PBXFileReference; lastKnownFileType = file.storyboard; name = Base; path = Base.lproj/LaunchScreen.storyboard; sourceTree = "<group>"; };
		700C18FC1F0DFDC400CA6F19 /* Info.plist */ = {isa = PBXFileReference; lastKnownFileType = text.plist.xml; path = Info.plist; sourceTree = "<group>"; };
/* End PBXFileReference section */

/* Begin PBXFrameworksBuildPhase section */
		700C18EA1F0DFDC400CA6F19 /* Frameworks */ = {
			isa = PBXFrameworksBuildPhase;
			buildActionMask = 2147483647;
			files = (
			);
			runOnlyForDeploymentPostprocessing = 0;
		};
/* End PBXFrameworksBuildPhase section */

/* Begin PBXGroup section */
		700C18E41F0DFDC400CA6F19 = {
			isa = PBXGroup;
			children = (
				700C18EF1F0DFDC400CA6F19 /* Dice */,
				700C18EE1F0DFDC400CA6F19 /* Products */,
			);
			sourceTree = "<group>";
		};
		700C18EE1F0DFDC400CA6F19 /* Products */ = {
			isa = PBXGroup;
			children = (
				700C18ED1F0DFDC400CA6F19 /* Dice.app */,
			);
			name = Products;
			sourceTree = "<group>";
		};
		700C18EF1F0DFDC400CA6F19 /* Dice */ = {
			isa = PBXGroup;
			children = (
				700C18F01F0DFDC400CA6F19 /* AppDelegate.swift */,
				700C18F21F0DFDC400CA6F19 /* ViewController.swift */,
				700C18F41F0DFDC400CA6F19 /* Main.storyboard */,
				700C18F71F0DFDC400CA6F19 /* Assets.xcassets */,
				700C18F91F0DFDC400CA6F19 /* LaunchScreen.storyboard */,
				700C18FC1F0DFDC400CA6F19 /* Info.plist */,
			);
			path = Dice;
			sourceTree = "<group>";
		};
/* End PBXGroup section */

/* Begin PBXNativeTarget section */
		700C18EC1F0DFDC400CA6F19 /* Dice */ = {
			isa = PBXNativeTarget;
			buildConfigurationList = 700C18FF1F0DFDC400CA6F19 /* Build configuration list for PBXNativeTarget "Dice" */;
			buildPhases = (
				700C18E91F0DFDC400CA6F19 /* Sources */,
				700C18EA1F0DFDC400CA6F19 /* Frameworks */,
				700C18EB1F0DFDC400CA6F19 /* Resources */,
			);
			buildRules = (
			);
			dependencies = (
			);
			name = Dice;
			productName = Dice;
			productReference = 700C18ED1F0DFDC400CA6F19 /* Dice.app */;
			productType = "com.apple.product-type.application";
		};
/* End PBXNativeTarget section */

/* Begin PBXProject section */
		700C18E51F0DFDC400CA6F19 /* Project object */ = {
			isa = PBXProject;
			attributes = {
				LastSwiftUpdateCheck = 0830;
				LastUpgradeCheck = 0830;
				ORGANIZATIONNAME = "Sem1colon Inc.";
				TargetAttributes = {
					700C18EC1F0DFDC400CA6F19 = {
						CreatedOnToolsVersion = 8.3.3;
						DevelopmentTeam = S6EH2RGF4T;
						ProvisioningStyle = Automatic;
					};
				};
			};
			buildConfigurationList = 700C18E81F0DFDC400CA6F19 /* Build configuration list for PBXProject "Dice" */;
			compatibilityVersion = "Xcode 3.2";
			developmentRegion = English;
			hasScannedForEncodings = 0;
			knownRegions = (
				en,
				Base,
			);
			mainGroup = 700C18E41F0DFDC400CA6F19;
			productRefGroup = 700C18EE1F0DFDC400CA6F19 /* Products */;
			projectDirPath = "";
			projectRoot = "";
			targets = (
				700C18EC1F0DFDC400CA6F19 /* Dice */,
			);
		};
/* End PBXProject section */

/* Begin PBXResourcesBuildPhase section */
		700C18EB1F0DFDC400CA6F19 /* Resources */ = {
			isa = PBXResourcesBuildPhase;
			buildActionMask = 2147483647;
			files = (
				700C18FB1F0DFDC400CA6F19 /* LaunchScreen.storyboard in Resources */,
				700C18F81F0DFDC400CA6F19 /* Assets.xcassets in Resources */,
				700C18F61F0DFDC400CA6F19 /* Main.storyboard in Resources */,
			);
			runOnlyForDeploymentPostprocessing = 0;
		};
/* End PBXResourcesBuildPhase section */

/* Begin PBXSourcesBuildPhase section */
		700C18E91F0DFDC400CA6F19 /* Sources */ = {
			isa = PBXSourcesBuildPhase;
			buildActionMask = 2147483647;
			files = (
				700C18F31F0DFDC400CA6F19 /* ViewController.swift in Sources */,
				700C18F11F0DFDC400CA6F19 /* AppDelegate.swift in Sources */,
			);
			runOnlyForDeploymentPostprocessing = 0;
		};
/* End PBXSourcesBuildPhase section */

/* Begin PBXVariantGroup section */
		700C18F41F0DFDC400CA6F19 /* Main.storyboard */ = {
			isa = PBXVariantGroup;
			children = (
				700C18F51F0DFDC400CA6F19 /* Base */,
			);
			name = Main.storyboard;
			sourceTree = "<group>";
		};
		700C18F91F0DFDC400CA6F19 /* LaunchScreen.storyboard */ = {
			isa = PBXVariantGroup;
			children = (
				700C18FA1F0DFDC400CA6F19 /* Base */,
			);
			name = LaunchScreen.storyboard;
			sourceTree = "<group>";
		};
/* End PBXVariantGroup section */

/* Begin XCBuildConfiguration section */
		700C18FD1F0DFDC400CA6F19 /* Debug */ = {
			isa = XCBuildConfiguration;
			buildSettings = {
				ALWAYS_SEARCH_USER_PATHS = NO;
				CLANG_ANALYZER_NONNULL = YES;
				CLANG_ANALYZER_NUMBER_OBJECT_CONVERSION = YES_AGGRESSIVE;
				CLANG_CXX_LANGUAGE_STANDARD = "gnu++0x";
				CLANG_CXX_LIBRARY = "libc++";
				CLANG_ENABLE_MODULES = YES;
				CLANG_ENABLE_OBJC_ARC = YES;
				CLANG_WARN_BOOL_CONVERSION = YES;
				CLANG_WARN_CONSTANT_CONVERSION = YES;
				CLANG_WARN_DIRECT_OBJC_ISA_USAGE = YES_ERROR;
				CLANG_WARN_DOCUMENTATION_COMMENTS = YES;
				CLANG_WARN_EMPTY_BODY = YES;
				CLANG_WARN_ENUM_CONVERSION = YES;
				CLANG_WARN_INFINITE_RECURSION = YES;
				CLANG_WARN_INT_CONVERSION = YES;
				CLANG_WARN_OBJC_ROOT_CLASS = YES_ERROR;
				CLANG_WARN_SUSPICIOUS_MOVE = YES;
				CLANG_WARN_UNREACHABLE_CODE = YES;
				CLANG_WARN__DUPLICATE_METHOD_MATCH = YES;
				"CODE_SIGN_IDENTITY[sdk=iphoneos*]" = "iPhone Developer";
				COPY_PHASE_STRIP = NO;
				DEBUG_INFORMATION_FORMAT = dwarf;
				ENABLE_STRICT_OBJC_MSGSEND = YES;
				ENABLE_TESTABILITY = YES;
				GCC_C_LANGUAGE_STANDARD = gnu99;
				GCC_DYNAMIC_NO_PIC = NO;
				GCC_NO_COMMON_BLOCKS = YES;
				GCC_OPTIMIZATION_LEVEL = 0;
				GCC_PREPROCESSOR_DEFINITIONS = (
					"DEBUG=1",
					"$(inherited)",
				);
				GCC_WARN_64_TO_32_BIT_CONVERSION = YES;
				GCC_WARN_ABOUT_RETURN_TYPE = YES_ERROR;
				GCC_WARN_UNDECLARED_SELECTOR = YES;
				GCC_WARN_UNINITIALIZED_AUTOS = YES_AGGRESSIVE;
				GCC_WARN_UNUSED_FUNCTION = YES;
				GCC_WARN_UNUSED_VARIABLE = YES;
				IPHONEOS_DEPLOYMENT_TARGET = 10.3;
				MTL_ENABLE_DEBUG_INFO = YES;
				ONLY_ACTIVE_ARCH = YES;
				SDKROOT = iphoneos;
				SWIFT_ACTIVE_COMPILATION_CONDITIONS = DEBUG;
				SWIFT_OPTIMIZATION_LEVEL = "-Onone";
			};
			name = Debug;
		};
		700C18FE1F0DFDC400CA6F19 /* Release */ = {
			isa = XCBuildConfiguration;
			buildSettings = {
				ALWAYS_SEARCH_USER_PATHS = NO;
				CLANG_ANALYZER_NONNULL = YES;
				CLANG_ANALYZER_NUMBER_OBJECT_CONVERSION = YES_AGGRESSIVE;
				CLANG_CXX_LANGUAGE_STANDARD = "gnu++0x";
				CLANG_CXX_LIBRARY = "libc++";
				CLANG_ENABLE_MODULES = YES;
				CLANG_ENABLE_OBJC_ARC = YES;
				CLANG_WARN_BOOL_CONVERSION = YES;
				CLANG_WARN_CONSTANT_CONVERSION = YES;
				CLANG_WARN_DIRECT_OBJC_ISA_USAGE = YES_ERROR;
				CLANG_WARN_DOCUMENTATION_COMMENTS = YES;
				CLANG_WARN_EMPTY_BODY = YES;
				CLANG_WARN_ENUM_CONVERSION = YES;
				CLANG_WARN_INFINITE_RECURSION = YES;
				CLANG_WARN_INT_CONVERSION = YES;
				CLANG_WARN_OBJC_ROOT_CLASS = YES_ERROR;
				CLANG_WARN_SUSPICIOUS_MOVE = YES;
				CLANG_WARN_UNREACHABLE_CODE = YES;
				CLANG_WARN__DUPLICATE_METHOD_MATCH = YES;
				"CODE_SIGN_IDENTITY[sdk=iphoneos*]" = "iPhone Developer";
				COPY_PHASE_STRIP = NO;
				DEBUG_INFORMATION_FORMAT = "dwarf-with-dsym";
				ENABLE_NS_ASSERTIONS = NO;
				ENABLE_STRICT_OBJC_MSGSEND = YES;
				GCC_C_LANGUAGE_STANDARD = gnu99;
				GCC_NO_COMMON_BLOCKS = YES;
				GCC_WARN_64_TO_32_BIT_CONVERSION = YES;
				GCC_WARN_ABOUT_RETURN_TYPE = YES_ERROR;
				GCC_WARN_UNDECLARED_SELECTOR = YES;
				GCC_WARN_UNINITIALIZED_AUTOS = YES_AGGRESSIVE;
				GCC_WARN_UNUSED_FUNCTION = YES;
				GCC_WARN_UNUSED_VARIABLE = YES;
				IPHONEOS_DEPLOYMENT_TARGET = 10.3;
				MTL_ENABLE_DEBUG_INFO = NO;
				SDKROOT = iphoneos;
				SWIFT_OPTIMIZATION_LEVEL = "-Owholemodule";
				VALIDATE_PRODUCT = YES;
			};
			name = Release;
		};
		700C19001F0DFDC400CA6F19 /* Debug */ = {
			isa = XCBuildConfiguration;
			buildSettings = {
				ASSETCATALOG_COMPILER_APPICON_NAME = AppIcon;
				DEVELOPMENT_TEAM = S6EH2RGF4T;
				INFOPLIST_FILE = Dice/Info.plist;
				LD_RUNPATH_SEARCH_PATHS = "$(inherited) @executable_path/Frameworks";
				PRODUCT_BUNDLE_IDENTIFIER = com.sem1colon.Dice;
				PRODUCT_NAME = "$(TARGET_NAME)";
				SWIFT_VERSION = 3.0;
			};
			name = Debug;
		};
		700C19011F0DFDC400CA6F19 /* Release */ = {
			isa = XCBuildConfiguration;
			buildSettings = {
				ASSETCATALOG_COMPILER_APPICON_NAME = AppIcon;
				DEVELOPMENT_TEAM = S6EH2RGF4T;
				INFOPLIST_FILE = Dice/Info.plist;
				LD_RUNPATH_SEARCH_PATHS = "$(inherited) @executable_path/Frameworks";
				PRODUCT_BUNDLE_IDENTIFIER = com.sem1colon.Dice;
				PRODUCT_NAME = "$(TARGET_NAME)";
				SWIFT_VERSION = 3.0;
			};
			name = Release;
		};
/* End XCBuildConfiguration section */

/* Begin XCConfigurationList section */
		700C18E81F0DFDC400CA6F19 /* Build configuration list for PBXProject "Dice" */ = {
			isa = XCConfigurationList;
			buildConfigurations = (
				700C18FD1F0DFDC400CA6F19 /* Debug */,
				700C18FE1F0DFDC400CA6F19 /* Release */,
			);
			defaultConfigurationIsVisible = 0;
			defaultConfigurationName = Release;
		};
		700C18FF1F0DFDC400CA6F19 /* Build configuration list for PBXNativeTarget "Dice" */ = {
			isa = XCConfigurationList;
			buildConfigurations = (
				700C19001F0DFDC400CA6F19 /* Debug */,
				700C19011F0DFDC400CA6F19 /* Release */,
			);
			defaultConfigurationIsVisible = 0;
		};
/* End XCConfigurationList section */
	};
	rootObject = 700C18E51F0DFDC400CA6F19 /* Project object */;
}
